
Microsoft Visual Studio Solution File, Format Version 12.00
# Visual Studio Version 16
VisualStudioVersion = 16.0.29009.5
MinimumVisualStudioVersion = 10.0.40219.1
Project("{FAE04EC0-301F-11D3-BF4B-00C04F79EFBC}") = "DRB-Icon-Appender", "DRB-Icon-Appender\DRB-Icon-Appender.csproj", "{963FB0E9-EAA3-470A-9E97-599A9F29AB55}"
EndProject
Project("{FAE04EC0-301F-11D3-BF4B-00C04F79EFBC}") = "SoulsFormats", "..\SoulsFormats\SoulsFormats\SoulsFormats.csproj", "{22C664BD-877B-44DF-8ECF-2808522469A8}"
EndProject
Global
	GlobalSection(SolutionConfigurationPlatforms) = preSolution
		Debug|Any CPU = Debug|Any CPU
		Debug|x64 = Debug|x64
		Release|Any CPU = Release|Any CPU
		Release|x64 = Release|x64
	EndGlobalSection
	GlobalSection(ProjectConfigurationPlatforms) = postSolution
		{963FB0E9-EAA3-470A-9E97-599A9F29AB55}.Debug|Any CPU.ActiveCfg = Debug|Any CPU
		{963FB0E9-EAA3-470A-9E97-599A9F29AB55}.Debug|Any CPU.Build.0 = Debug|Any CPU
		{963FB0E9-EAA3-470A-9E97-599A9F29AB55}.Debug|x64.ActiveCfg = Debug|Any CPU
		{963FB0E9-EAA3-470A-9E97-599A9F29AB55}.Debug|x64.Build.0 = Debug|Any CPU
		{963FB0E9-EAA3-470A-9E97-599A9F29AB55}.Release|Any CPU.ActiveCfg = Release|Any CPU
		{963FB0E9-EAA3-470A-9E97-599A9F29AB55}.Release|Any CPU.Build.0 = Release|Any CPU
		{963FB0E9-EAA3-470A-9E97-599A9F29AB55}.Release|x64.ActiveCfg = Release|Any CPU
		{963FB0E9-EAA3-470A-9E97-599A9F29AB55}.Release|x64.Build.0 = Release|Any CPU
		{22C664BD-877B-44DF-8ECF-2808522469A8}.Debug|Any CPU.ActiveCfg = Debug|Any CPU
		{22C664BD-877B-44DF-8ECF-2808522469A8}.Debug|Any CPU.Build.0 = Debug|Any CPU
		{22C664BD-877B-44DF-8ECF-2808522469A8}.Debug|x64.ActiveCfg = Debug|Any CPU
		{22C664BD-877B-44DF-8ECF-2808522469A8}.Debug|x64.Build.0 = Debug|Any CPU
		{22C664BD-877B-44DF-8ECF-2808522469A8}.Release|Any CPU.ActiveCfg = Release|Any CPU
		{22C664BD-877B-44DF-8ECF-2808522469A8}.Release|Any CPU.Build.0 = Release|Any CPU
		{22C664BD-877B-44DF-8ECF-2808522469A8}.Release|x64.ActiveCfg = Release|Any CPU
		{22C664BD-877B-44DF-8ECF-2808522469A8}.Release|x64.Build.0 = Release|Any CPU
	EndGlobalSection
	GlobalSection(SolutionProperties) = preSolution
		HideSolutionNode = FALSE
	EndGlobalSection
	GlobalSection(ExtensibilityGlobals) = postSolution
		SolutionGuid = {C9270352-D1F0-4CC4-A84F-C2F2AFEBD2F4}
	EndGlobalSection
EndGlobal
